
Microsoft Visual Studio Solution File, Format Version 12.00
# Visual Studio Version 17
VisualStudioVersion = 17.1.32421.90
MinimumVisualStudioVersion = 10.0.40219.1
Project("{9A19103F-16F7-4668-BE54-9A1E7A4F7556}") = "Sudoku", "Sudoku\Sudoku.csproj", "{D60F48FE-BA60-475F-B2AE-3DDA82104CCF}"
EndProject
Project("{9A19103F-16F7-4668-BE54-9A1E7A4F7556}") = "Sudoku.Console", "Sudoku.Console\Sudoku.Console.csproj", "{5CABE255-C2B1-4221-B350-3C13DD4CA733}"
EndProject
Project("{9A19103F-16F7-4668-BE54-9A1E7A4F7556}") = "Sudoku.WPF", "Sudoku.WPF\Sudoku.WPF.csproj", "{43C9F469-E3AC-4947-AA93-EEBB06940451}"
EndProject
Global
	GlobalSection(SolutionConfigurationPlatforms) = preSolution
		Debug|Any CPU = Debug|Any CPU
		Release|Any CPU = Release|Any CPU
	EndGlobalSection
	GlobalSection(ProjectConfigurationPlatforms) = postSolution
		{D60F48FE-BA60-475F-B2AE-3DDA82104CCF}.Debug|Any CPU.ActiveCfg = Debug|Any CPU
		{D60F48FE-BA60-475F-B2AE-3DDA82104CCF}.Debug|Any CPU.Build.0 = Debug|Any CPU
		{D60F48FE-BA60-475F-B2AE-3DDA82104CCF}.Release|Any CPU.ActiveCfg = Release|Any CPU
		{D60F48FE-BA60-475F-B2AE-3DDA82104CCF}.Release|Any CPU.Build.0 = Release|Any CPU
		{5CABE255-C2B1-4221-B350-3C13DD4CA733}.Debug|Any CPU.ActiveCfg = Debug|Any CPU
		{5CABE255-C2B1-4221-B350-3C13DD4CA733}.Debug|Any CPU.Build.0 = Debug|Any CPU
		{5CABE255-C2B1-4221-B350-3C13DD4CA733}.Release|Any CPU.ActiveCfg = Release|Any CPU
		{5CABE255-C2B1-4221-B350-3C13DD4CA733}.Release|Any CPU.Build.0 = Release|Any CPU
		{43C9F469-E3AC-4947-AA93-EEBB06940451}.Debug|Any CPU.ActiveCfg = Debug|Any CPU
		{43C9F469-E3AC-4947-AA93-EEBB06940451}.Debug|Any CPU.Build.0 = Debug|Any CPU
		{43C9F469-E3AC-4947-AA93-EEBB06940451}.Release|Any CPU.ActiveCfg = Release|Any CPU
		{43C9F469-E3AC-4947-AA93-EEBB06940451}.Release|Any CPU.Build.0 = Release|Any CPU
	EndGlobalSection
	GlobalSection(SolutionProperties) = preSolution
		HideSolutionNode = FALSE
	EndGlobalSection
	GlobalSection(ExtensibilityGlobals) = postSolution
		SolutionGuid = {F9CB442E-BBBF-4264-8C97-1DC03649BC6C}
	EndGlobalSection
EndGlobal
